
Microsoft Visual Studio Solution File, Format Version 12.00
# Visual Studio Version 17
VisualStudioVersion = 17.0.32002.185
MinimumVisualStudioVersion = 10.0.40219.1
Project("{9A19103F-16F7-4668-BE54-9A1E7A4F7556}") = "Adim", "Adim\Adim.csproj", "{2C5E2605-ADFC-45A2-AE9E-783871C3CAAA}"
EndProject
Global
	GlobalSection(SolutionConfigurationPlatforms) = preSolution
		Debug|Any CPU = Debug|Any CPU
		Release|Any CPU = Release|Any CPU
	EndGlobalSection
	GlobalSection(ProjectConfigurationPlatforms) = postSolution
		{2C5E2605-ADFC-45A2-AE9E-783871C3CAAA}.Debug|Any CPU.ActiveCfg = Release|Any CPU
		{2C5E2605-ADFC-45A2-AE9E-783871C3CAAA}.Debug|Any CPU.Build.0 = Release|Any CPU
		{2C5E2605-ADFC-45A2-AE9E-783871C3CAAA}.Release|Any CPU.ActiveCfg = Debug|Any CPU
		{2C5E2605-ADFC-45A2-AE9E-783871C3CAAA}.Release|Any CPU.Build.0 = Debug|Any CPU
	EndGlobalSection
	GlobalSection(SolutionProperties) = preSolution
		HideSolutionNode = FALSE
	EndGlobalSection
	GlobalSection(ExtensibilityGlobals) = postSolution
		SolutionGuid = {1FDE18AA-09D4-4E2F-AF67-DAFAC03F5B86}
	EndGlobalSection
EndGlobal
